
Microsoft Visual Studio Solution File, Format Version 12.00
# Visual Studio Version 16
VisualStudioVersion = 16.0.30611.23
MinimumVisualStudioVersion = 10.0.40219.1
Project("{FAE04EC0-301F-11D3-BF4B-00C04F79EFBC}") = "renameFiles", "renameFiles\renameFiles.csproj", "{9B741866-5404-4FD3-BD15-E995553D6953}"
EndProject
Global
	GlobalSection(SolutionConfigurationPlatforms) = preSolution
		Debug|Any CPU = Debug|Any CPU
		Release|Any CPU = Release|Any CPU
	EndGlobalSection
	GlobalSection(ProjectConfigurationPlatforms) = postSolution
		{9B741866-5404-4FD3-BD15-E995553D6953}.Debug|Any CPU.ActiveCfg = Debug|Any CPU
		{9B741866-5404-4FD3-BD15-E995553D6953}.Debug|Any CPU.Build.0 = Debug|Any CPU
		{9B741866-5404-4FD3-BD15-E995553D6953}.Release|Any CPU.ActiveCfg = Release|Any CPU
		{9B741866-5404-4FD3-BD15-E995553D6953}.Release|Any CPU.Build.0 = Release|Any CPU
	EndGlobalSection
	GlobalSection(SolutionProperties) = preSolution
		HideSolutionNode = FALSE
	EndGlobalSection
	GlobalSection(ExtensibilityGlobals) = postSolution
		SolutionGuid = {1B0C347D-05DC-435F-94A7-EF3885AE5944}
	EndGlobalSection
EndGlobal
